
Microsoft Visual Studio Solution File, Format Version 12.00
# Visual Studio Version 17
VisualStudioVersion = 17.4.33205.214
MinimumVisualStudioVersion = 10.0.40219.1
Project("{FAE04EC0-301F-11D3-BF4B-00C04F79EFBC}") = "Lab_BubbleSort", "Lab_BubbleSort\Lab_BubbleSort.csproj", "{B98B3049-80DE-4A13-9897-856EB3EF44B8}"
EndProject
Global
	GlobalSection(SolutionConfigurationPlatforms) = preSolution
		Debug|Any CPU = Debug|Any CPU
		Release|Any CPU = Release|Any CPU
	EndGlobalSection
	GlobalSection(ProjectConfigurationPlatforms) = postSolution
		{B98B3049-80DE-4A13-9897-856EB3EF44B8}.Debug|Any CPU.ActiveCfg = Debug|Any CPU
		{B98B3049-80DE-4A13-9897-856EB3EF44B8}.Debug|Any CPU.Build.0 = Debug|Any CPU
		{B98B3049-80DE-4A13-9897-856EB3EF44B8}.Release|Any CPU.ActiveCfg = Release|Any CPU
		{B98B3049-80DE-4A13-9897-856EB3EF44B8}.Release|Any CPU.Build.0 = Release|Any CPU
	EndGlobalSection
	GlobalSection(SolutionProperties) = preSolution
		HideSolutionNode = FALSE
	EndGlobalSection
	GlobalSection(ExtensibilityGlobals) = postSolution
		SolutionGuid = {86C8FE3B-D970-495C-8F55-888E01DB4B68}
	EndGlobalSection
EndGlobal
