
Microsoft Visual Studio Solution File, Format Version 12.00
# Visual Studio Version 17
VisualStudioVersion = 17.4.33205.214
MinimumVisualStudioVersion = 10.0.40219.1
Project("{FAE04EC0-301F-11D3-BF4B-00C04F79EFBC}") = "Lab1", "Lab1\Lab1.csproj", "{AC2F51BF-D973-4EB2-ACC9-A48A6E0C887B}"
EndProject
Project("{FAE04EC0-301F-11D3-BF4B-00C04F79EFBC}") = "Lab1_Test", "Lab1_Test\Lab1_Test.csproj", "{321C3213-9157-4C7B-9CFA-FA51AF5F557C}"
EndProject
Global
	GlobalSection(SolutionConfigurationPlatforms) = preSolution
		Debug|Any CPU = Debug|Any CPU
		Release|Any CPU = Release|Any CPU
	EndGlobalSection
	GlobalSection(ProjectConfigurationPlatforms) = postSolution
		{AC2F51BF-D973-4EB2-ACC9-A48A6E0C887B}.Debug|Any CPU.ActiveCfg = Debug|Any CPU
		{AC2F51BF-D973-4EB2-ACC9-A48A6E0C887B}.Debug|Any CPU.Build.0 = Debug|Any CPU
		{AC2F51BF-D973-4EB2-ACC9-A48A6E0C887B}.Release|Any CPU.ActiveCfg = Release|Any CPU
		{AC2F51BF-D973-4EB2-ACC9-A48A6E0C887B}.Release|Any CPU.Build.0 = Release|Any CPU
		{321C3213-9157-4C7B-9CFA-FA51AF5F557C}.Debug|Any CPU.ActiveCfg = Debug|Any CPU
		{321C3213-9157-4C7B-9CFA-FA51AF5F557C}.Debug|Any CPU.Build.0 = Debug|Any CPU
		{321C3213-9157-4C7B-9CFA-FA51AF5F557C}.Release|Any CPU.ActiveCfg = Release|Any CPU
		{321C3213-9157-4C7B-9CFA-FA51AF5F557C}.Release|Any CPU.Build.0 = Release|Any CPU
	EndGlobalSection
	GlobalSection(SolutionProperties) = preSolution
		HideSolutionNode = FALSE
	EndGlobalSection
	GlobalSection(ExtensibilityGlobals) = postSolution
		SolutionGuid = {DAEDF3DA-3008-48F8-9F78-368B1E8FFA99}
	EndGlobalSection
EndGlobal
