
Microsoft Visual Studio Solution File, Format Version 12.00
# Visual Studio Version 17
VisualStudioVersion = 17.4.33205.214
MinimumVisualStudioVersion = 10.0.40219.1
Project("{9A19103F-16F7-4668-BE54-9A1E7A4F7556}") = "Lab3_Stack", "Lab3_Stack\Lab3_Stack.csproj", "{919767D7-777E-41C5-AAB2-1D4347F74175}"
EndProject
Project("{FAE04EC0-301F-11D3-BF4B-00C04F79EFBC}") = "StackTest", "StackTest\StackTest.csproj", "{4F115AA7-087B-49CE-ABE9-0523D5C3A63B}"
EndProject
Global
	GlobalSection(SolutionConfigurationPlatforms) = preSolution
		Debug|Any CPU = Debug|Any CPU
		Release|Any CPU = Release|Any CPU
	EndGlobalSection
	GlobalSection(ProjectConfigurationPlatforms) = postSolution
		{919767D7-777E-41C5-AAB2-1D4347F74175}.Debug|Any CPU.ActiveCfg = Debug|Any CPU
		{919767D7-777E-41C5-AAB2-1D4347F74175}.Debug|Any CPU.Build.0 = Debug|Any CPU
		{919767D7-777E-41C5-AAB2-1D4347F74175}.Release|Any CPU.ActiveCfg = Release|Any CPU
		{919767D7-777E-41C5-AAB2-1D4347F74175}.Release|Any CPU.Build.0 = Release|Any CPU
		{4F115AA7-087B-49CE-ABE9-0523D5C3A63B}.Debug|Any CPU.ActiveCfg = Debug|Any CPU
		{4F115AA7-087B-49CE-ABE9-0523D5C3A63B}.Debug|Any CPU.Build.0 = Debug|Any CPU
		{4F115AA7-087B-49CE-ABE9-0523D5C3A63B}.Release|Any CPU.ActiveCfg = Release|Any CPU
		{4F115AA7-087B-49CE-ABE9-0523D5C3A63B}.Release|Any CPU.Build.0 = Release|Any CPU
	EndGlobalSection
	GlobalSection(SolutionProperties) = preSolution
		HideSolutionNode = FALSE
	EndGlobalSection
	GlobalSection(ExtensibilityGlobals) = postSolution
		SolutionGuid = {4109F96C-334A-460D-BCF1-8CBE10C8FCB3}
	EndGlobalSection
EndGlobal
