
Microsoft Visual Studio Solution File, Format Version 12.00
# Visual Studio Version 17
VisualStudioVersion = 17.4.33205.214
MinimumVisualStudioVersion = 10.0.40219.1
Project("{FAE04EC0-301F-11D3-BF4B-00C04F79EFBC}") = "QueueTests", "Lab2_Queue\QueueTests.csproj", "{9138F0D1-43AE-46DA-BB56-6637303CD2EE}"
EndProject
Project("{FAE04EC0-301F-11D3-BF4B-00C04F79EFBC}") = "Queue", "Queue\Queue.csproj", "{D5004EA1-47D8-4728-A430-9680B22A9B15}"
EndProject
Global
	GlobalSection(SolutionConfigurationPlatforms) = preSolution
		Debug|Any CPU = Debug|Any CPU
		Release|Any CPU = Release|Any CPU
	EndGlobalSection
	GlobalSection(ProjectConfigurationPlatforms) = postSolution
		{9138F0D1-43AE-46DA-BB56-6637303CD2EE}.Debug|Any CPU.ActiveCfg = Debug|Any CPU
		{9138F0D1-43AE-46DA-BB56-6637303CD2EE}.Debug|Any CPU.Build.0 = Debug|Any CPU
		{9138F0D1-43AE-46DA-BB56-6637303CD2EE}.Release|Any CPU.ActiveCfg = Release|Any CPU
		{9138F0D1-43AE-46DA-BB56-6637303CD2EE}.Release|Any CPU.Build.0 = Release|Any CPU
		{D5004EA1-47D8-4728-A430-9680B22A9B15}.Debug|Any CPU.ActiveCfg = Debug|Any CPU
		{D5004EA1-47D8-4728-A430-9680B22A9B15}.Debug|Any CPU.Build.0 = Debug|Any CPU
		{D5004EA1-47D8-4728-A430-9680B22A9B15}.Release|Any CPU.ActiveCfg = Release|Any CPU
		{D5004EA1-47D8-4728-A430-9680B22A9B15}.Release|Any CPU.Build.0 = Release|Any CPU
	EndGlobalSection
	GlobalSection(SolutionProperties) = preSolution
		HideSolutionNode = FALSE
	EndGlobalSection
	GlobalSection(ExtensibilityGlobals) = postSolution
		SolutionGuid = {3CCB253C-C841-47D6-9C12-580E37416ED6}
	EndGlobalSection
EndGlobal
