
Microsoft Visual Studio Solution File, Format Version 12.00
# Visual Studio Version 17
VisualStudioVersion = 17.4.33205.214
MinimumVisualStudioVersion = 10.0.40219.1
Project("{FAE04EC0-301F-11D3-BF4B-00C04F79EFBC}") = "CustomerLogin", "CustomerLogin\CustomerLogin.csproj", "{F99B31B8-1B44-4070-BE3B-2955397E6AE7}"
EndProject
Project("{FAE04EC0-301F-11D3-BF4B-00C04F79EFBC}") = "CustomerLoginTest", "CustomerLoginTest\CustomerLoginTest.csproj", "{3131F57C-F597-4297-9949-8BA939405807}"
EndProject
Global
	GlobalSection(SolutionConfigurationPlatforms) = preSolution
		Debug|Any CPU = Debug|Any CPU
		Release|Any CPU = Release|Any CPU
	EndGlobalSection
	GlobalSection(ProjectConfigurationPlatforms) = postSolution
		{F99B31B8-1B44-4070-BE3B-2955397E6AE7}.Debug|Any CPU.ActiveCfg = Debug|Any CPU
		{F99B31B8-1B44-4070-BE3B-2955397E6AE7}.Debug|Any CPU.Build.0 = Debug|Any CPU
		{F99B31B8-1B44-4070-BE3B-2955397E6AE7}.Release|Any CPU.ActiveCfg = Release|Any CPU
		{F99B31B8-1B44-4070-BE3B-2955397E6AE7}.Release|Any CPU.Build.0 = Release|Any CPU
		{3131F57C-F597-4297-9949-8BA939405807}.Debug|Any CPU.ActiveCfg = Debug|Any CPU
		{3131F57C-F597-4297-9949-8BA939405807}.Debug|Any CPU.Build.0 = Debug|Any CPU
		{3131F57C-F597-4297-9949-8BA939405807}.Release|Any CPU.ActiveCfg = Release|Any CPU
		{3131F57C-F597-4297-9949-8BA939405807}.Release|Any CPU.Build.0 = Release|Any CPU
	EndGlobalSection
	GlobalSection(SolutionProperties) = preSolution
		HideSolutionNode = FALSE
	EndGlobalSection
	GlobalSection(ExtensibilityGlobals) = postSolution
		SolutionGuid = {461E524B-A60D-4395-9D25-B9EE100715BF}
	EndGlobalSection
EndGlobal
