
Microsoft Visual Studio Solution File, Format Version 12.00
# Visual Studio Version 17
VisualStudioVersion = 17.4.33205.214
MinimumVisualStudioVersion = 10.0.40219.1
Project("{FAE04EC0-301F-11D3-BF4B-00C04F79EFBC}") = "Lab_Grocery Store", "Lab_Grocery Store\Lab_Grocery Store.csproj", "{5B7053BA-1FC8-496C-A7FF-BF95FDC8344C}"
EndProject
Global
	GlobalSection(SolutionConfigurationPlatforms) = preSolution
		Debug|Any CPU = Debug|Any CPU
		Release|Any CPU = Release|Any CPU
	EndGlobalSection
	GlobalSection(ProjectConfigurationPlatforms) = postSolution
		{5B7053BA-1FC8-496C-A7FF-BF95FDC8344C}.Debug|Any CPU.ActiveCfg = Debug|Any CPU
		{5B7053BA-1FC8-496C-A7FF-BF95FDC8344C}.Debug|Any CPU.Build.0 = Debug|Any CPU
		{5B7053BA-1FC8-496C-A7FF-BF95FDC8344C}.Release|Any CPU.ActiveCfg = Release|Any CPU
		{5B7053BA-1FC8-496C-A7FF-BF95FDC8344C}.Release|Any CPU.Build.0 = Release|Any CPU
	EndGlobalSection
	GlobalSection(SolutionProperties) = preSolution
		HideSolutionNode = FALSE
	EndGlobalSection
	GlobalSection(ExtensibilityGlobals) = postSolution
		SolutionGuid = {2F13DDC6-5019-454D-9A83-3D8234C7C0F4}
	EndGlobalSection
EndGlobal
